{
  "name": "lit-hello-world",
  "version": "1.0.0",
  "lockfileVersion": 1,
  "requires": true,
  "dependencies": {
    "@webcomponents/webcomponentsjs": {
      "version": "2.4.3",
      "resolved": "https://kdi.jfrog.io/kdi/api/npm/npm/@webcomponents/webcomponentsjs/-/webcomponentsjs-2.4.3.tgz",
      "integrity": "sha1-OE9PbVRWO6Rl+03yH+ieeKdvxTA=",
      "dev": true
    },
    "lit-element": {
      "version": "2.2.1",
      "resolved": "https://kdi.jfrog.io/kdi/api/npm/npm/lit-element/-/lit-element-2.2.1.tgz",
      "integrity": "sha1-eclNjP3C1zskVlbjeZG9HkgR2W8=",
      "dev": true,
      "requires": {
        "lit-html": "^1.0.0"
      }
    },
    "lit-html": {
      "version": "1.1.2",
      "resolved": "https://kdi.jfrog.io/kdi/api/npm/npm/lit-html/-/lit-html-1.1.2.tgz",
      "integrity": "sha1-LjVgpwdSECQ2SciIrXOOrw2qg3Q=",
      "dev": true
    }
  }
}
